
Microsoft Visual Studio Solution File, Format Version 9.00
# Visual Studio 2005
Project("{FAE04EC0-301F-11D3-BF4B-00C04F79EFBC}") = "Deleter.NET", "Deleter.NET\Deleter.NET.csproj", "{A50BAF56-0388-44A9-973C-D0253D388FFA}"
EndProject
Global
	GlobalSection(SolutionConfigurationPlatforms) = preSolution
		Debug|Any CPU = Debug|Any CPU
		Release|Any CPU = Release|Any CPU
	EndGlobalSection
	GlobalSection(ProjectConfigurationPlatforms) = postSolution
		{A50BAF56-0388-44A9-973C-D0253D388FFA}.Debug|Any CPU.ActiveCfg = Debug|Any CPU
		{A50BAF56-0388-44A9-973C-D0253D388FFA}.Debug|Any CPU.Build.0 = Debug|Any CPU
		{A50BAF56-0388-44A9-973C-D0253D388FFA}.Release|Any CPU.ActiveCfg = Release|Any CPU
		{A50BAF56-0388-44A9-973C-D0253D388FFA}.Release|Any CPU.Build.0 = Release|Any CPU
	EndGlobalSection
	GlobalSection(SolutionProperties) = preSolution
		HideSolutionNode = FALSE
	EndGlobalSection
EndGlobal
